// !$*UTF8*$!
{
	archiveVersion = 1;
	classes = {
	};
	objectVersion = 46;
	objects = {

/* Begin PBXBuildFile section */
		1861AEE41AD20E5B0037AF51 /* main.m in Sources */ = {isa = PBXBuildFile; fileRef = 1861AEE31AD20E5B0037AF51 /* main.m */; };
		1861AEE71AD20E5B0037AF51 /* AppDelegate.m in Sources */ = {isa = PBXBuildFile; fileRef = 1861AEE61AD20E5B0037AF51 /* AppDelegate.m */; };
		1861AEEA1AD20E5B0037AF51 /* ViewController.m in Sources */ = {isa = PBXBuildFile; fileRef = 1861AEE91AD20E5B0037AF51 /* ViewController.m */; };
		1861AEED1AD20E5B0037AF51 /* Main.storyboard in Resources */ = {isa = PBXBuildFile; fileRef = 1861AEEB1AD20E5B0037AF51 /* Main.storyboard */; };
		1861AEEF1AD20E5B0037AF51 /* Images.xcassets in Resources */ = {isa = PBXBuildFile; fileRef = 1861AEEE1AD20E5B0037AF51 /* Images.xcassets */; };
		1861AEF21AD20E5B0037AF51 /* LaunchScreen.xib in Resources */ = {isa = PBXBuildFile; fileRef = 1861AEF01AD20E5B0037AF51 /* LaunchScreen.xib */; };
		1861AEFE1AD20E5B0037AF51 /* WJRSATests.m in Sources */ = {isa = PBXBuildFile; fileRef = 1861AEFD1AD20E5B0037AF51 /* WJRSATests.m */; };
/* End PBXBuildFile section */

/* Begin PBXContainerItemProxy section */
		1861AEF81AD20E5B0037AF51 /* PBXContainerItemProxy */ = {
			isa = PBXContainerItemProxy;
			containerPortal = 1861AED61AD20E5B0037AF51 /* Project object */;
			proxyType = 1;
			remoteGlobalIDString = 1861AEDD1AD20E5B0037AF51;
			remoteInfo = WJRSA;
		};
/* End PBXContainerItemProxy section */

/* Begin PBXFileReference section */
		1861AEDE1AD20E5B0037AF51 /* WJRSA.app */ = {isa = PBXFileReference; explicitFileType = wrapper.application; includeInIndex = 0; path = WJRSA.app; sourceTree = BUILT_PRODUCTS_DIR; };
		1861AEE21AD20E5B0037AF51 /* Info.plist */ = {isa = PBXFileReference; lastKnownFileType = text.plist.xml; path = Info.plist; sourceTree = "<group>"; };
		1861AEE31AD20E5B0037AF51 /* main.m */ = {isa = PBXFileReference; lastKnownFileType = sourcecode.c.objc; path = main.m; sourceTree = "<group>"; };
		1861AEE51AD20E5B0037AF51 /* AppDelegate.h */ = {isa = PBXFileReference; lastKnownFileType = sourcecode.c.h; path = AppDelegate.h; sourceTree = "<group>"; };
		1861AEE61AD20E5B0037AF51 /* AppDelegate.m */ = {isa = PBXFileReference; lastKnownFileType = sourcecode.c.objc; path = AppDelegate.m; sourceTree = "<group>"; };
		1861AEE81AD20E5B0037AF51 /* ViewController.h */ = {isa = PBXFileReference; lastKnownFileType = sourcecode.c.h; path = ViewController.h; sourceTree = "<group>"; };
		1861AEE91AD20E5B0037AF51 /* ViewController.m */ = {isa = PBXFileReference; lastKnownFileType = sourcecode.c.objc; path = ViewController.m; sourceTree = "<group>"; };
		1861AEEC1AD20E5B0037AF51 /* Base */ = {isa = PBXFileReference; lastKnownFileType = file.storyboard; name = Base; path = Base.lproj/Main.storyboard; sourceTree = "<group>"; };
		1861AEEE1AD20E5B0037AF51 /* Images.xcassets */ = {isa = PBXFileReference; lastKnownFileType = folder.assetcatalog; path = Images.xcassets; sourceTree = "<group>"; };
		1861AEF11AD20E5B0037AF51 /* Base */ = {isa = PBXFileReference; lastKnownFileType = file.xib; name = Base; path = Base.lproj/LaunchScreen.xib; sourceTree = "<group>"; };
		1861AEF71AD20E5B0037AF51 /* WJRSATests.xctest */ = {isa = PBXFileReference; explicitFileType = wrapper.cfbundle; includeInIndex = 0; path = WJRSATests.xctest; sourceTree = BUILT_PRODUCTS_DIR; };
		1861AEFC1AD20E5B0037AF51 /* Info.plist */ = {isa = PBXFileReference; lastKnownFileType = text.plist.xml; path = Info.plist; sourceTree = "<group>"; };
		1861AEFD1AD20E5B0037AF51 /* WJRSATests.m */ = {isa = PBXFileReference; lastKnownFileType = sourcecode.c.objc; path = WJRSATests.m; sourceTree = "<group>"; };
/* End PBXFileReference section */

/* Begin PBXFrameworksBuildPhase section */
		1861AEDB1AD20E5B0037AF51 /* Frameworks */ = {
			isa = PBXFrameworksBuildPhase;
			buildActionMask = 2147483647;
			files = (
			);
			runOnlyForDeploymentPostprocessing = 0;
		};
		1861AEF41AD20E5B0037AF51 /* Frameworks */ = {
			isa = PBXFrameworksBuildPhase;
			buildActionMask = 2147483647;
			files = (
			);
			runOnlyForDeploymentPostprocessing = 0;
		};
/* End PBXFrameworksBuildPhase section */

/* Begin PBXGroup section */
		1861AED51AD20E5B0037AF51 = {
			isa = PBXGroup;
			children = (
				1861AEE01AD20E5B0037AF51 /* WJRSA */,
				1861AEFA1AD20E5B0037AF51 /* WJRSATests */,
				1861AEDF1AD20E5B0037AF51 /* Products */,
			);
			sourceTree = "<group>";
		};
		1861AEDF1AD20E5B0037AF51 /* Products */ = {
			isa = PBXGroup;
			children = (
				1861AEDE1AD20E5B0037AF51 /* WJRSA.app */,
				1861AEF71AD20E5B0037AF51 /* WJRSATests.xctest */,
			);
			name = Products;
			sourceTree = "<group>";
		};
		1861AEE01AD20E5B0037AF51 /* WJRSA */ = {
			isa = PBXGroup;
			children = (
				1861AEE51AD20E5B0037AF51 /* AppDelegate.h */,
				1861AEE61AD20E5B0037AF51 /* AppDelegate.m */,
				1861AEE81AD20E5B0037AF51 /* ViewController.h */,
				1861AEE91AD20E5B0037AF51 /* ViewController.m */,
				1861AEE11AD20E5B0037AF51 /* Supporting Files */,
			);
			path = WJRSA;
			sourceTree = "<group>";
		};
		1861AEE11AD20E5B0037AF51 /* Supporting Files */ = {
			isa = PBXGroup;
			children = (
				1861AEEB1AD20E5B0037AF51 /* Main.storyboard */,
				1861AEEE1AD20E5B0037AF51 /* Images.xcassets */,
				1861AEF01AD20E5B0037AF51 /* LaunchScreen.xib */,
				1861AEE21AD20E5B0037AF51 /* Info.plist */,
				1861AEE31AD20E5B0037AF51 /* main.m */,
			);
			name = "Supporting Files";
			sourceTree = "<group>";
		};
		1861AEFA1AD20E5B0037AF51 /* WJRSATests */ = {
			isa = PBXGroup;
			children = (
				1861AEFD1AD20E5B0037AF51 /* WJRSATests.m */,
				1861AEFB1AD20E5B0037AF51 /* Supporting Files */,
			);
			path = WJRSATests;
			sourceTree = "<group>";
		};
		1861AEFB1AD20E5B0037AF51 /* Supporting Files */ = {
			isa = PBXGroup;
			children = (
				1861AEFC1AD20E5B0037AF51 /* Info.plist */,
			);
			name = "Supporting Files";
			sourceTree = "<group>";
		};
/* End PBXGroup section */

/* Begin PBXNativeTarget section */
		1861AEDD1AD20E5B0037AF51 /* WJRSA */ = {
			isa = PBXNativeTarget;
			buildConfigurationList = 1861AF011AD20E5B0037AF51 /* Build configuration list for PBXNativeTarget "WJRSA" */;
			buildPhases = (
				1861AEDA1AD20E5B0037AF51 /* Sources */,
				1861AEDB1AD20E5B0037AF51 /* Frameworks */,
				1861AEDC1AD20E5B0037AF51 /* Resources */,
			);
			buildRules = (
			);
			dependencies = (
			);
			name = WJRSA;
			productName = WJRSA;
			productReference = 1861AEDE1AD20E5B0037AF51 /* WJRSA.app */;
			productType = "com.apple.product-type.application";
		};
		1861AEF61AD20E5B0037AF51 /* WJRSATests */ = {
			isa = PBXNativeTarget;
			buildConfigurationList = 1861AF041AD20E5B0037AF51 /* Build configuration list for PBXNativeTarget "WJRSATests" */;
			buildPhases = (
				1861AEF31AD20E5B0037AF51 /* Sources */,
				1861AEF41AD20E5B0037AF51 /* Frameworks */,
				1861AEF51AD20E5B0037AF51 /* Resources */,
			);
			buildRules = (
			);
			dependencies = (
				1861AEF91AD20E5B0037AF51 /* PBXTargetDependency */,
			);
			name = WJRSATests;
			productName = WJRSATests;
			productReference = 1861AEF71AD20E5B0037AF51 /* WJRSATests.xctest */;
			productType = "com.apple.product-type.bundle.unit-test";
		};
/* End PBXNativeTarget section */

/* Begin PBXProject section */
		1861AED61AD20E5B0037AF51 /* Project object */ = {
			isa = PBXProject;
			attributes = {
				LastUpgradeCheck = 0620;
				ORGANIZATIONNAME = Kevin;
				TargetAttributes = {
					1861AEDD1AD20E5B0037AF51 = {
						CreatedOnToolsVersion = 6.2;
					};
					1861AEF61AD20E5B0037AF51 = {
						CreatedOnToolsVersion = 6.2;
						TestTargetID = 1861AEDD1AD20E5B0037AF51;
					};
				};
			};
			buildConfigurationList = 1861AED91AD20E5B0037AF51 /* Build configuration list for PBXProject "WJRSA" */;
			compatibilityVersion = "Xcode 3.2";
			developmentRegion = English;
			hasScannedForEncodings = 0;
			knownRegions = (
				en,
				Base,
			);
			mainGroup = 1861AED51AD20E5B0037AF51;
			productRefGroup = 1861AEDF1AD20E5B0037AF51 /* Products */;
			projectDirPath = "";
			projectRoot = "";
			targets = (
				1861AEDD1AD20E5B0037AF51 /* WJRSA */,
				1861AEF61AD20E5B0037AF51 /* WJRSATests */,
			);
		};
/* End PBXProject section */

/* Begin PBXResourcesBuildPhase section */
		1861AEDC1AD20E5B0037AF51 /* Resources */ = {
			isa = PBXResourcesBuildPhase;
			buildActionMask = 2147483647;
			files = (
				1861AEED1AD20E5B0037AF51 /* Main.storyboard in Resources */,
				1861AEF21AD20E5B0037AF51 /* LaunchScreen.xib in Resources */,
				1861AEEF1AD20E5B0037AF51 /* Images.xcassets in Resources */,
			);
			runOnlyForDeploymentPostprocessing = 0;
		};
		1861AEF51AD20E5B0037AF51 /* Resources */ = {
			isa = PBXResourcesBuildPhase;
			buildActionMask = 2147483647;
			files = (
			);
			runOnlyForDeploymentPostprocessing = 0;
		};
/* End PBXResourcesBuildPhase section */

/* Begin PBXSourcesBuildPhase section */
		1861AEDA1AD20E5B0037AF51 /* Sources */ = {
			isa = PBXSourcesBuildPhase;
			buildActionMask = 2147483647;
			files = (
				1861AEEA1AD20E5B0037AF51 /* ViewController.m in Sources */,
				1861AEE71AD20E5B0037AF51 /* AppDelegate.m in Sources */,
				1861AEE41AD20E5B0037AF51 /* main.m in Sources */,
			);
			runOnlyForDeploymentPostprocessing = 0;
		};
		1861AEF31AD20E5B0037AF51 /* Sources */ = {
			isa = PBXSourcesBuildPhase;
			buildActionMask = 2147483647;
			files = (
				1861AEFE1AD20E5B0037AF51 /* WJRSATests.m in Sources */,
			);
			runOnlyForDeploymentPostprocessing = 0;
		};
/* End PBXSourcesBuildPhase section */

/* Begin PBXTargetDependency section */
		1861AEF91AD20E5B0037AF51 /* PBXTargetDependency */ = {
			isa = PBXTargetDependency;
			target = 1861AEDD1AD20E5B0037AF51 /* WJRSA */;
			targetProxy = 1861AEF81AD20E5B0037AF51 /* PBXContainerItemProxy */;
		};
/* End PBXTargetDependency section */

/* Begin PBXVariantGroup section */
		1861AEEB1AD20E5B0037AF51 /* Main.storyboard */ = {
			isa = PBXVariantGroup;
			children = (
				1861AEEC1AD20E5B0037AF51 /* Base */,
			);
			name = Main.storyboard;
			sourceTree = "<group>";
		};
		1861AEF01AD20E5B0037AF51 /* LaunchScreen.xib */ = {
			isa = PBXVariantGroup;
			children = (
				1861AEF11AD20E5B0037AF51 /* Base */,
			);
			name = LaunchScreen.xib;
			sourceTree = "<group>";
		};
/* End PBXVariantGroup section */

/* Begin XCBuildConfiguration section */
		1861AEFF1AD20E5B0037AF51 /* Debug */ = {
			isa = XCBuildConfiguration;
			buildSettings = {
				ALWAYS_SEARCH_USER_PATHS = NO;
				CLANG_CXX_LANGUAGE_STANDARD = "gnu++0x";
				CLANG_CXX_LIBRARY = "libc++";
				CLANG_ENABLE_MODULES = YES;
				CLANG_ENABLE_OBJC_ARC = YES;
				CLANG_WARN_BOOL_CONVERSION = YES;
				CLANG_WARN_CONSTANT_CONVERSION = YES;
				CLANG_WARN_DIRECT_OBJC_ISA_USAGE = YES_ERROR;
				CLANG_WARN_EMPTY_BODY = YES;
				CLANG_WARN_ENUM_CONVERSION = YES;
				CLANG_WARN_INT_CONVERSION = YES;
				CLANG_WARN_OBJC_ROOT_CLASS = YES_ERROR;
				CLANG_WARN_UNREACHABLE_CODE = YES;
				CLANG_WARN__DUPLICATE_METHOD_MATCH = YES;
				"CODE_SIGN_IDENTITY[sdk=iphoneos*]" = "iPhone Developer";
				COPY_PHASE_STRIP = NO;
				ENABLE_STRICT_OBJC_MSGSEND = YES;
				GCC_C_LANGUAGE_STANDARD = gnu99;
				GCC_DYNAMIC_NO_PIC = NO;
				GCC_OPTIMIZATION_LEVEL = 0;
				GCC_PREPROCESSOR_DEFINITIONS = (
					"DEBUG=1",
					"$(inherited)",
				);
				GCC_SYMBOLS_PRIVATE_EXTERN = NO;
				GCC_WARN_64_TO_32_BIT_CONVERSION = YES;
				GCC_WARN_ABOUT_RETURN_TYPE = YES_ERROR;
				GCC_WARN_UNDECLARED_SELECTOR = YES;
				GCC_WARN_UNINITIALIZED_AUTOS = YES_AGGRESSIVE;
				GCC_WARN_UNUSED_FUNCTION = YES;
				GCC_WARN_UNUSED_VARIABLE = YES;
				IPHONEOS_DEPLOYMENT_TARGET = 8.2;
				MTL_ENABLE_DEBUG_INFO = YES;
				ONLY_ACTIVE_ARCH = YES;
				SDKROOT = iphoneos;
			};
			name = Debug;
		};
		1861AF001AD20E5B0037AF51 /* Release */ = {
			isa = XCBuildConfiguration;
			buildSettings = {
				ALWAYS_SEARCH_USER_PATHS = NO;
				CLANG_CXX_LANGUAGE_STANDARD = "gnu++0x";
				CLANG_CXX_LIBRARY = "libc++";
				CLANG_ENABLE_MODULES = YES;
				CLANG_ENABLE_OBJC_ARC = YES;
				CLANG_WARN_BOOL_CONVERSION = YES;
				CLANG_WARN_CONSTANT_CONVERSION = YES;
				CLANG_WARN_DIRECT_OBJC_ISA_USAGE = YES_ERROR;
				CLANG_WARN_EMPTY_BODY = YES;
				CLANG_WARN_ENUM_CONVERSION = YES;
				CLANG_WARN_INT_CONVERSION = YES;
				CLANG_WARN_OBJC_ROOT_CLASS = YES_ERROR;
				CLANG_WARN_UNREACHABLE_CODE = YES;
				CLANG_WARN__DUPLICATE_METHOD_MATCH = YES;
				"CODE_SIGN_IDENTITY[sdk=iphoneos*]" = "iPhone Developer";
				COPY_PHASE_STRIP = NO;
				ENABLE_NS_ASSERTIONS = NO;
				ENABLE_STRICT_OBJC_MSGSEND = YES;
				GCC_C_LANGUAGE_STANDARD = gnu99;
				GCC_WARN_64_TO_32_BIT_CONVERSION = YES;
				GCC_WARN_ABOUT_RETURN_TYPE = YES_ERROR;
				GCC_WARN_UNDECLARED_SELECTOR = YES;
				GCC_WARN_UNINITIALIZED_AUTOS = YES_AGGRESSIVE;
				GCC_WARN_UNUSED_FUNCTION = YES;
				GCC_WARN_UNUSED_VARIABLE = YES;
				IPHONEOS_DEPLOYMENT_TARGET = 8.2;
				MTL_ENABLE_DEBUG_INFO = NO;
				SDKROOT = iphoneos;
				VALIDATE_PRODUCT = YES;
			};
			name = Release;
		};
		1861AF021AD20E5B0037AF51 /* Debug */ = {
			isa = XCBuildConfiguration;
			buildSettings = {
				ASSETCATALOG_COMPILER_APPICON_NAME = AppIcon;
				INFOPLIST_FILE = WJRSA/Info.plist;
				LD_RUNPATH_SEARCH_PATHS = "$(inherited) @executable_path/Frameworks";
				PRODUCT_NAME = "$(TARGET_NAME)";
			};
			name = Debug;
		};
		1861AF031AD20E5B0037AF51 /* Release */ = {
			isa = XCBuildConfiguration;
			buildSettings = {
				ASSETCATALOG_COMPILER_APPICON_NAME = AppIcon;
				INFOPLIST_FILE = WJRSA/Info.plist;
				LD_RUNPATH_SEARCH_PATHS = "$(inherited) @executable_path/Frameworks";
				PRODUCT_NAME = "$(TARGET_NAME)";
			};
			name = Release;
		};
		1861AF051AD20E5B0037AF51 /* Debug */ = {
			isa = XCBuildConfiguration;
			buildSettings = {
				BUNDLE_LOADER = "$(TEST_HOST)";
				FRAMEWORK_SEARCH_PATHS = (
					"$(SDKROOT)/Developer/Library/Frameworks",
					"$(inherited)",
				);
				GCC_PREPROCESSOR_DEFINITIONS = (
					"DEBUG=1",
					"$(inherited)",
				);
				INFOPLIST_FILE = WJRSATests/Info.plist;
				LD_RUNPATH_SEARCH_PATHS = "$(inherited) @executable_path/Frameworks @loader_path/Frameworks";
				PRODUCT_NAME = "$(TARGET_NAME)";
				TEST_HOST = "$(BUILT_PRODUCTS_DIR)/WJRSA.app/WJRSA";
			};
			name = Debug;
		};
		1861AF061AD20E5B0037AF51 /* Release */ = {
			isa = XCBuildConfiguration;
			buildSettings = {
				BUNDLE_LOADER = "$(TEST_HOST)";
				FRAMEWORK_SEARCH_PATHS = (
					"$(SDKROOT)/Developer/Library/Frameworks",
					"$(inherited)",
				);
				INFOPLIST_FILE = WJRSATests/Info.plist;
				LD_RUNPATH_SEARCH_PATHS = "$(inherited) @executable_path/Frameworks @loader_path/Frameworks";
				PRODUCT_NAME = "$(TARGET_NAME)";
				TEST_HOST = "$(BUILT_PRODUCTS_DIR)/WJRSA.app/WJRSA";
			};
			name = Release;
		};
/* End XCBuildConfiguration section */

/* Begin XCConfigurationList section */
		1861AED91AD20E5B0037AF51 /* Build configuration list for PBXProject "WJRSA" */ = {
			isa = XCConfigurationList;
			buildConfigurations = (
				1861AEFF1AD20E5B0037AF51 /* Debug */,
				1861AF001AD20E5B0037AF51 /* Release */,
			);
			defaultConfigurationIsVisible = 0;
			defaultConfigurationName = Release;
		};
		1861AF011AD20E5B0037AF51 /* Build configuration list for PBXNativeTarget "WJRSA" */ = {
			isa = XCConfigurationList;
			buildConfigurations = (
				1861AF021AD20E5B0037AF51 /* Debug */,
				1861AF031AD20E5B0037AF51 /* Release */,
			);
			defaultConfigurationIsVisible = 0;
		};
		1861AF041AD20E5B0037AF51 /* Build configuration list for PBXNativeTarget "WJRSATests" */ = {
			isa = XCConfigurationList;
			buildConfigurations = (
				1861AF051AD20E5B0037AF51 /* Debug */,
				1861AF061AD20E5B0037AF51 /* Release */,
			);
			defaultConfigurationIsVisible = 0;
		};
/* End XCConfigurationList section */
	};
	rootObject = 1861AED61AD20E5B0037AF51 /* Project object */;
}
